
Microsoft Visual Studio Solution File, Format Version 12.00
# Visual Studio Version 16
VisualStudioVersion = 16.0.29905.134
MinimumVisualStudioVersion = 10.0.40219.1
Project("{F184B08F-C81C-45F6-A57F-5ABD9991F28F}") = "ExpositorMesesNumeros", "ExpositorMesesNumeros.vbproj", "{BEFA9B34-BE4B-43F5-900B-7ADA51FD0E61}"
EndProject
Global
	GlobalSection(SolutionConfigurationPlatforms) = preSolution
		Debug|Any CPU = Debug|Any CPU
		Release|Any CPU = Release|Any CPU
	EndGlobalSection
	GlobalSection(ProjectConfigurationPlatforms) = postSolution
		{BEFA9B34-BE4B-43F5-900B-7ADA51FD0E61}.Debug|Any CPU.ActiveCfg = Debug|Any CPU
		{BEFA9B34-BE4B-43F5-900B-7ADA51FD0E61}.Debug|Any CPU.Build.0 = Debug|Any CPU
		{BEFA9B34-BE4B-43F5-900B-7ADA51FD0E61}.Release|Any CPU.ActiveCfg = Release|Any CPU
		{BEFA9B34-BE4B-43F5-900B-7ADA51FD0E61}.Release|Any CPU.Build.0 = Release|Any CPU
	EndGlobalSection
	GlobalSection(SolutionProperties) = preSolution
		HideSolutionNode = FALSE
	EndGlobalSection
	GlobalSection(ExtensibilityGlobals) = postSolution
		SolutionGuid = {9B1A407A-14D6-4CB1-A613-916F383BD6FF}
	EndGlobalSection
EndGlobal
